
Microsoft Visual Studio Solution File, Format Version 12.00
# Visual Studio Version 17
VisualStudioVersion = 17.11.35303.130
MinimumVisualStudioVersion = 10.0.40219.1
Project("{FAE04EC0-301F-11D3-BF4B-00C04F79EFBC}") = "PabloTourest", "..\..\PabloTourest\PabloTourest.csproj", "{83FDBBF9-41EB-4BB9-BA24-5A638F3C96B3}"
EndProject
Global
	GlobalSection(SolutionConfigurationPlatforms) = preSolution
		Debug|Any CPU = Debug|Any CPU
		Release|Any CPU = Release|Any CPU
	EndGlobalSection
	GlobalSection(ProjectConfigurationPlatforms) = postSolution
		{83FDBBF9-41EB-4BB9-BA24-5A638F3C96B3}.Debug|Any CPU.ActiveCfg = Debug|Any CPU
		{83FDBBF9-41EB-4BB9-BA24-5A638F3C96B3}.Debug|Any CPU.Build.0 = Debug|Any CPU
		{83FDBBF9-41EB-4BB9-BA24-5A638F3C96B3}.Release|Any CPU.ActiveCfg = Release|Any CPU
		{83FDBBF9-41EB-4BB9-BA24-5A638F3C96B3}.Release|Any CPU.Build.0 = Release|Any CPU
	EndGlobalSection
	GlobalSection(SolutionProperties) = preSolution
		HideSolutionNode = FALSE
	EndGlobalSection
	GlobalSection(ExtensibilityGlobals) = postSolution
		SolutionGuid = {BDD29789-8EBE-4FCC-80C2-40C2104A0DED}
	EndGlobalSection
EndGlobal
